
Microsoft Visual Studio Solution File, Format Version 12.00
# Visual Studio 2013
VisualStudioVersion = 12.0.31101.0
MinimumVisualStudioVersion = 10.0.40219.1
Project("{FAE04EC0-301F-11D3-BF4B-00C04F79EFBC}") = "ProjektEkonometria", "ProjektEkonometria\ProjektEkonometria.csproj", "{98424B8A-A6DB-4EAA-A7A3-360CA3047978}"
EndProject
Project("{FAE04EC0-301F-11D3-BF4B-00C04F79EFBC}") = "EkonMethods", "EkonMethods\EkonMethods.csproj", "{FA8EA67B-15B8-4BC6-9CDF-C4CE5E30C37E}"
EndProject
Project("{FAE04EC0-301F-11D3-BF4B-00C04F79EFBC}") = "EkonTests", "EkonTests\EkonTests.csproj", "{8A5B360D-20B0-4910-AEB6-2EE34AE1931B}"
EndProject
Global
	GlobalSection(SolutionConfigurationPlatforms) = preSolution
		Debug|Any CPU = Debug|Any CPU
		Release|Any CPU = Release|Any CPU
	EndGlobalSection
	GlobalSection(ProjectConfigurationPlatforms) = postSolution
		{98424B8A-A6DB-4EAA-A7A3-360CA3047978}.Debug|Any CPU.ActiveCfg = Debug|Any CPU
		{98424B8A-A6DB-4EAA-A7A3-360CA3047978}.Debug|Any CPU.Build.0 = Debug|Any CPU
		{98424B8A-A6DB-4EAA-A7A3-360CA3047978}.Release|Any CPU.ActiveCfg = Release|Any CPU
		{98424B8A-A6DB-4EAA-A7A3-360CA3047978}.Release|Any CPU.Build.0 = Release|Any CPU
		{FA8EA67B-15B8-4BC6-9CDF-C4CE5E30C37E}.Debug|Any CPU.ActiveCfg = Debug|Any CPU
		{FA8EA67B-15B8-4BC6-9CDF-C4CE5E30C37E}.Debug|Any CPU.Build.0 = Debug|Any CPU
		{FA8EA67B-15B8-4BC6-9CDF-C4CE5E30C37E}.Release|Any CPU.ActiveCfg = Release|Any CPU
		{FA8EA67B-15B8-4BC6-9CDF-C4CE5E30C37E}.Release|Any CPU.Build.0 = Release|Any CPU
		{8A5B360D-20B0-4910-AEB6-2EE34AE1931B}.Debug|Any CPU.ActiveCfg = Debug|Any CPU
		{8A5B360D-20B0-4910-AEB6-2EE34AE1931B}.Debug|Any CPU.Build.0 = Debug|Any CPU
		{8A5B360D-20B0-4910-AEB6-2EE34AE1931B}.Release|Any CPU.ActiveCfg = Release|Any CPU
		{8A5B360D-20B0-4910-AEB6-2EE34AE1931B}.Release|Any CPU.Build.0 = Release|Any CPU
	EndGlobalSection
	GlobalSection(SolutionProperties) = preSolution
		HideSolutionNode = FALSE
	EndGlobalSection
EndGlobal
